# This file is automatically @generated by Cargo.
# It is not intended for manual editing.
version = 4

[[package]]
name = "execution-commitment"
version = "0.1.0"
dependencies = [
 "execution-serialization",
]

[[package]]
name = "execution-core"
version = "0.1.0"
dependencies = [
 "execution-commitment",
 "execution-model",
 "execution-native",
 "execution-serialization",
 "execution-trace",
 "execution-verification",
]

[[package]]
name = "execution-model"
version = "0.1.0"
dependencies = [
 "execution-commitment",
 "execution-serialization",
]

[[package]]
name = "execution-native"
version = "0.1.0"
dependencies = [
 "execution-model",
 "execution-trace",
]

[[package]]
name = "execution-serialization"
version = "0.1.0"

[[package]]
name = "execution-trace"
version = "0.1.0"
dependencies = [
 "execution-model",
]

[[package]]
name = "execution-verification"
version = "0.1.0"
dependencies = [
 "execution-model",
]
